github.com/davecgh/go-spew v1.1.1 h1:vj9j/u1bqnvCEfJOwUhtlOARqs3+rkHYY13jYWTU97c=
github.com/davecgh/go-spew v1.1.1/go.mod h1:J7Y8YcW2NihsgmVo/mv3lAwl/skON4iLHjSsI+c5H38=
github.com/google/uuid v1.6.0 h1:NIvaJDMOsjHA8n1jAhLSgzrAzy1Hgr+hNrb57e+94F0=
github.com/google/uuid v1.6.0/go.mod h1:TIyPZe4MgqvfeYDBFedMoGGpEw/LqOeaOT+nhxU+yHo=
github.com/howeyc/gopass v0.0.0-20210920133722-c8aef6fb66ef h1:A9HsByNhogrvm9cWb28sjiS3i7tcKCkflWFEkHfuAgM=
github.com/howeyc/gopass v0.0.0-20210920133722-c8aef6fb66ef/go.mod h1:lADxMC39cJJqL93Duh1xhAs4I2Zs8mKS89XWXFGp9cs=
github.com/jedib0t/go-pretty/v6 v6.5.9 h1:ACteMBRrrmm1gMsXe9PSTOClQ63IXDUt03H5U+UV8OU=
github.com/jedib0t/go-pretty/v6 v6.5.9/go.mod h1:zbn98qrYlh95FIhwwsbIip0LYpwSG8SUOScs+v9/t0E=
github.com/mattn/go-runewidth v0.0.15 h1:UNAjwbU9l54TA3KzvqLGxwWjHmMgBUVhBiTjelZgg3U=
github.com/mattn/go-runewidth v0.0.15/go.mod h1:Jdepj2loyihRzMpdS35Xk/zdY8IAYHsh153qUoGf23w=
github.com/nikitalystsev/BookSmart-services v0.0.0-20240910225524-d39b2d5f7cdb h1:sf28dC/YBlTOlK+s7u45B4c2UJa50HOFfyDYhGyLlFI=
github.com/nikitalystsev/BookSmart-services v0.0.0-20240910225524-d39b2d5f7cdb/go.mod h1:j63j5SHSuxxgv8O5jHUCgmWX0FsxU6AK0nrt8MNrFss=
github.com/nikitalystsev/BookSmart-services v0.0.0-20240916130654-a8eb46a9d4f9 h1:7lkFasoWqgAQm99ANCbcEldyM35w0Qe/2E6cfgOfFWU=
github.com/nikitalystsev/BookSmart-services v0.0.0-20240916130654-a8eb46a9d4f9/go.mod h1:JbPrba/KXP9DrltY1yuz09AFgNANLzqetT+TYROKbwQ=
github.com/nikitalystsev/BookSmart-services v0.0.0-20240916211448-42517bf0a11c h1:yS8nwiyHLEwDgiNcvxNoFuCx6dp2Qi6z2tg/jtB0N0Y=
github.com/nikitalystsev/BookSmart-services v0.0.0-20240916211448-42517bf0a11c/go.mod h1:j63j5SHSuxxgv8O5jHUCgmWX0FsxU6AK0nrt8MNrFss=
github.com/nikitalystsev/BookSmart-services/v2 v2.0.0-20240910191541-4425b5ca1020 h1:hR9QctOu7jTPFrJtZR3VI5Rxhk0iou/+8mneXequKUc=
github.com/nikitalystsev/BookSmart-services/v2 v2.0.0-20240910191541-4425b5ca1020/go.mod h1:rstaW3X8wfEhlcrdhwdBbVXw7HFi5vL9Ee/mxjM0z8g=
github.com/nikitalystsev/BookSmart-web-api v0.0.0-20240910192555-0526fe46c268 h1:z5mbyf6Jvdgo9Dw9ANGwIKUyv9YUt77vgUFU1EV34x0=
github.com/nikitalystsev/BookSmart-web-api v0.0.0-20240910192555-0526fe46c268/go.mod h1:3MnuZTinaZbZnAUaIY9UzgCuKXaddBKJlDb7FrZYsN8=
github.com/nikitalystsev/BookSmart-web-api v0.0.0-20240911050719-6a7669208d14 h1:Rb9RGzTYv9teIBXI1d+3tMcabpCPFXSi3+dVxNTd5M8=
github.com/nikitalystsev/BookSmart-web-api v0.0.0-20240911050719-6a7669208d14/go.mod h1:4Xa5PVxWTozoQTrcqS9wn4lH4hnu0gONriJy+QAU6OY=
github.com/nikitalystsev/BookSmart-web-api v0.0.0-20240916130636-7741bc1de872 h1:Aoha8U96Rbzot8LiKMqyf3W2chcwfjZANGsZn5jhQqA=
github.com/nikitalystsev/BookSmart-web-api v0.0.0-20240916130636-7741bc1de872/go.mod h1:ffwQtMZJNzz5DASUFWjHmfErDmXId/EV/KRJsqA5poM=
github.com/nikitalystsev/BookSmart-web-api v0.0.0-20240916131643-41f3c43cde2e h1:Go3b2g4Uhb1VAxwlhFJbdKN258LlNl+OZkD99NtA+5Q=
github.com/nikitalystsev/BookSmart-web-api v0.0.0-20240916131643-41f3c43cde2e/go.mod h1:8ET1lqN2Y3AfakB/gulOrn53Jji8WU98ExYFQdADohU=
github.com/nikitalystsev/BookSmart-web-api v0.0.0-20240916142452-a7e999dc688b h1:hMWOr08lz1HsvZA2Yq+pPq76mf5UMnifgGckNIj2hig=
github.com/nikitalystsev/BookSmart-web-api v0.0.0-20240916142452-a7e999dc688b/go.mod h1:8ET1lqN2Y3AfakB/gulOrn53Jji8WU98ExYFQdADohU=
github.com/nikitalystsev/BookSmart-web-api v0.0.0-20240916211855-ff1c9d70fea2 h1:DKhJjQFwt5VHuL26x+WPr/pj38ui83lrrWJ05bsjUnk=
github.com/nikitalystsev/BookSmart-web-api v0.0.0-20240916211855-ff1c9d70fea2/go.mod h1:I7h1UGvs5B7zx4LLyzKBAWQazBUp4/y64zTJ8Am7WNw=
github.com/pmezard/go-difflib v1.0.0 h1:4DBwDE0NGyQoBHbLQYPwSUPoCMWR5BEzIk/f1lZbAQM=
github.com/pmezard/go-difflib v1.0.0/go.mod h1:iKH77koFhYxTK1pcRnkKkqfTogsbg7gZNVY4sRDYZ/4=
github.com/rivo/uniseg v0.2.0 h1:S1pD9weZBuJdFmowNwbpi7BJ8TNftyUImj/0WQi72jY=
github.com/rivo/uniseg v0.2.0/go.mod h1:J6wj4VEh+S6ZtnVlnTBMWIodfgj8LQOQFoIToxlJtxc=
github.com/stretchr/testify v1.9.0 h1:HtqpIVDClZ4nwg75+f6Lvsy/wHu+3BoSGCbBAcpTsTg=
github.com/stretchr/testify v1.9.0/go.mod h1:r2ic/lqez/lEtzL7wO/rwa5dbSLXVDPFyf8C91i36aY=
golang.org/x/crypto v0.27.0 h1:GXm2NjJrPaiv/h1tb2UH8QfgC/hOf/+z0p6PT8o1w7A=
golang.org/x/crypto v0.27.0/go.mod h1:1Xngt8kV6Dvbssa53Ziq6Eqn0HqbZi5Z6R0ZpwQzt70=
golang.org/x/sys v0.25.0 h1:r+8e+loiHxRqhXVl6ML1nO3l1+oFoWbnlu2Ehimmi34=
golang.org/x/sys v0.25.0/go.mod h1:/VUhepiaJMQUp4+oa/7Zr1D23ma6VTLIYjOOTFZPUcA=
golang.org/x/term v0.24.0 h1:Mh5cbb+Zk2hqqXNO7S1iTjEphVL+jb8ZWaqh/g+JWkM=
golang.org/x/term v0.24.0/go.mod h1:lOBK/LVxemqiMij05LGJ0tzNr8xlmwBRJ81PX6wVLH8=
gopkg.in/yaml.v3 v3.0.1 h1:fxVm/GzAzEWqLHuvctI91KS9hhNmmWOoWu0XTYJS7CA=
gopkg.in/yaml.v3 v3.0.1/go.mod h1:K4uyk7z7BCEPqu6E+C64Yfv1cQ7kz7rIZviUmN+EgEM=
